Microsoft Visual Studio Solution File, Format Version 12.00
# Visual Studio 2013
VisualStudioVersion = 12.0.21005.1
MinimumVisualStudioVersion = 10.0.40219.1
Project("{2150E333-8FDC-42A3-9474-1A3956D46DE8}") = "Solution Items", "Solution Items", "{33AD61AB-FEF6-46B7-A379-96562227930A}"
	ProjectSection(SolutionItems) = preProject
		G:\USERS\MICHAEL\APPDATA\LOCAL\MICROSOFT\VISUALSTUDIO\12.0\EXTENSIONS\OHPMTPPC.4TT\description.html = G:\USERS\MICHAEL\APPDATA\LOCAL\MICROSOFT\VISUALSTUDIO\12.0\EXTENSIONS\OHPMTPPC.4TT\description.html
	EndProjectSection
EndProject
Project("{E24C65DC-7377-472B-9ABA-BC803B73C61A}") = "web", "http://localhost:61685", "{F60F8298-D2C8-4A6C-87CC-7DB5AAB5D904}"
	ProjectSection(WebsiteProperties) = preProject
		UseIISExpress = "true"
		TargetFrameworkMoniker = ".NETFramework,Version%3Dv4.0"
		Debug.AspNetCompiler.VirtualPath = "/localhost_61685"
		Debug.AspNetCompiler.PhysicalPath = "..\..\web\"
		Debug.AspNetCompiler.TargetPath = "PrecompiledWeb\localhost_61685\"
		Debug.AspNetCompiler.Updateable = "true"
		Debug.AspNetCompiler.ForceOverwrite = "true"
		Debug.AspNetCompiler.FixedNames = "false"
		Debug.AspNetCompiler.Debug = "True"
		Release.AspNetCompiler.VirtualPath = "/localhost_61685"
		Release.AspNetCompiler.PhysicalPath = "..\..\web\"
		Release.AspNetCompiler.TargetPath = "PrecompiledWeb\localhost_61685\"
		Release.AspNetCompiler.Updateable = "true"
		Release.AspNetCompiler.ForceOverwrite = "true"
		Release.AspNetCompiler.FixedNames = "false"
		Release.AspNetCompiler.Debug = "False"
		SlnRelativePath = "..\..\web\"
	EndProjectSection
EndProject
Global
	GlobalSection(SolutionConfigurationPlatforms) = preSolution
		Debug|Any CPU = Debug|Any CPU
	EndGlobalSection
	GlobalSection(ProjectConfigurationPlatforms) = postSolution
		{F60F8298-D2C8-4A6C-87CC-7DB5AAB5D904}.Debug|Any CPU.ActiveCfg = Debug|Any CPU
		{F60F8298-D2C8-4A6C-87CC-7DB5AAB5D904}.Debug|Any CPU.Build.0 = Debug|Any CPU
	EndGlobalSection
	GlobalSection(SolutionProperties) = preSolution
		HideSolutionNode = FALSE
	EndGlobalSection
EndGlobal
