<?xml version="1.0" encoding="utf-8"?>
<Project ToolsVersion="4.0" xmlns="http://schemas.microsoft.com/developer/msbuild/2003">
  <ItemGroup>
    <ClCompile Include="ARKonfigWindow.cpp">
      <Filter>MainWindow</Filter>
    </ClCompile>
    <ClCompile Include="ARWindow.cpp">
      <Filter>MainWindow</Filter>
    </ClCompile>
    <ClCompile Include="main.cpp">
      <Filter>MainWindow</Filter>
    </ClCompile>
    <ClCompile Include="Base.cpp">
      <Filter>Logic</Filter>
    </ClCompile>
    <ClCompile Include="GeneratedFiles\Debug\moc_ARKonfigWindow.cpp">
      <Filter>Generated Files\Debug</Filter>
    </ClCompile>
    <ClCompile Include="GeneratedFiles\Release\moc_ARKonfigWindow.cpp">
      <Filter>Generated Files\Release</Filter>
    </ClCompile>
    <ClCompile Include="GeneratedFiles\Debug\moc_ARWindow.cpp">
      <Filter>Generated Files\Debug</Filter>
    </ClCompile>
    <ClCompile Include="GeneratedFiles\Release\moc_ARWindow.cpp">
      <Filter>Generated Files\Release</Filter>
    </ClCompile>
    <ClCompile Include="GeneratedFiles\Debug\moc_Base.cpp">
      <Filter>Generated Files\Debug</Filter>
    </ClCompile>
    <ClCompile Include="GeneratedFiles\Release\moc_Base.cpp">
      <Filter>Generated Files\Release</Filter>
    </ClCompile>
  </ItemGroup>
  <ItemGroup>
    <Filter Include="MainWindow">
      <UniqueIdentifier>{0881f168-a465-4ba9-b37d-411fad345937}</UniqueIdentifier>
    </Filter>
    <Filter Include="Generated Files">
      <UniqueIdentifier>{71ED8ED8-ACB9-4CE9-BBE1-E00B30144E11}</UniqueIdentifier>
      <Extensions>moc;h;cpp</Extensions>
      <ParseFiles>true</ParseFiles>
    </Filter>
    <Filter Include="Logic">
      <UniqueIdentifier>{e7ea53aa-c248-42d0-bf57-a1fdf4ff3f81}</UniqueIdentifier>
    </Filter>
    <Filter Include="Generated Files\Debug">
      <UniqueIdentifier>{c77d3664-1f7c-4736-a7a3-13a06fa83183}</UniqueIdentifier>
      <Extensions>cpp;moc</Extensions>
      <SourceControlFiles>False</SourceControlFiles>
    </Filter>
    <Filter Include="Generated Files\Release">
      <UniqueIdentifier>{7059f7cf-d728-4353-a840-1f8dc13d1d0b}</UniqueIdentifier>
      <Extensions>cpp;moc</Extensions>
      <SourceControlFiles>False</SourceControlFiles>
    </Filter>
  </ItemGroup>
  <ItemGroup>
    <CustomBuild Include="..\gui\ARKonfig.ui">
      <Filter>MainWindow</Filter>
    </CustomBuild>
    <CustomBuild Include="..\gui\ARWindow.ui">
      <Filter>MainWindow</Filter>
    </CustomBuild>
    <CustomBuild Include="..\src\ARKonfigWindow.h">
      <Filter>MainWindow</Filter>
    </CustomBuild>
    <CustomBuild Include="..\src\ARWindow.h">
      <Filter>MainWindow</Filter>
    </CustomBuild>
    <CustomBuild Include="..\src\Base.h">
      <Filter>Logic</Filter>
    </CustomBuild>
  </ItemGroup>
  <ItemGroup>
    <ClInclude Include="resource.h">
      <Filter>Generated Files</Filter>
    </ClInclude>
    <ClInclude Include="GeneratedFiles\ui_ARKonfig.h">
      <Filter>Generated Files</Filter>
    </ClInclude>
    <ClInclude Include="GeneratedFiles\ui_ARWindow.h">
      <Filter>Generated Files</Filter>
    </ClInclude>
  </ItemGroup>
  <ItemGroup>
    <ResourceCompile Include="Example_Qt.rc" />
  </ItemGroup>
</Project>